
Microsoft Visual Studio Solution File, Format Version 12.00
# Visual Studio Version 16
VisualStudioVersion = 16.0.32228.343
MinimumVisualStudioVersion = 10.0.40219.1
Project("{FAE04EC0-301F-11D3-BF4B-00C04F79EFBC}") = "bancozerado", "bancozerado\bancozerado.csproj", "{425ED2CD-3EB9-42FA-89C2-70774383D68B}"
EndProject
Global
	GlobalSection(SolutionConfigurationPlatforms) = preSolution
		Debug|Any CPU = Debug|Any CPU
		Release|Any CPU = Release|Any CPU
	EndGlobalSection
	GlobalSection(ProjectConfigurationPlatforms) = postSolution
		{425ED2CD-3EB9-42FA-89C2-70774383D68B}.Debug|Any CPU.ActiveCfg = Debug|Any CPU
		{425ED2CD-3EB9-42FA-89C2-70774383D68B}.Debug|Any CPU.Build.0 = Debug|Any CPU
		{425ED2CD-3EB9-42FA-89C2-70774383D68B}.Release|Any CPU.ActiveCfg = Release|Any CPU
		{425ED2CD-3EB9-42FA-89C2-70774383D68B}.Release|Any CPU.Build.0 = Release|Any CPU
	EndGlobalSection
	GlobalSection(SolutionProperties) = preSolution
		HideSolutionNode = FALSE
	EndGlobalSection
	GlobalSection(ExtensibilityGlobals) = postSolution
		SolutionGuid = {FB559906-D28D-4925-A4D7-C22A850D7C4B}
	EndGlobalSection
EndGlobal
